
Microsoft Visual Studio Solution File, Format Version 12.00
# Visual Studio 2012
Project("{FAE04EC0-301F-11D3-BF4B-00C04F79EFBC}") = "AlyMathGame", "AlyMathGame\AlyMathGame.csproj", "{F887438D-8E37-4E7F-928B-3D8C5F6DD858}"
EndProject
Project("{6141683F-8A12-4E36-9623-2EB02B2C2303}") = "Setup1", "Setup1\Setup1.isproj", "{F595C9C5-AAD8-47CD-9F3D-2D695899F875}"
	ProjectSection(ProjectDependencies) = postProject
		{F887438D-8E37-4E7F-928B-3D8C5F6DD858} = {F887438D-8E37-4E7F-928B-3D8C5F6DD858}
	EndProjectSection
EndProject
Global
	GlobalSection(SolutionConfigurationPlatforms) = preSolution
		CD_ROM|Any CPU = CD_ROM|Any CPU
		Debug|Any CPU = Debug|Any CPU
		DVD-5|Any CPU = DVD-5|Any CPU
		Release|Any CPU = Release|Any CPU
		SingleImage|Any CPU = SingleImage|Any CPU
	EndGlobalSection
	GlobalSection(ProjectConfigurationPlatforms) = postSolution
		{F887438D-8E37-4E7F-928B-3D8C5F6DD858}.CD_ROM|Any CPU.ActiveCfg = Debug|Any CPU
		{F887438D-8E37-4E7F-928B-3D8C5F6DD858}.CD_ROM|Any CPU.Build.0 = Debug|Any CPU
		{F887438D-8E37-4E7F-928B-3D8C5F6DD858}.Debug|Any CPU.ActiveCfg = Release|Any CPU
		{F887438D-8E37-4E7F-928B-3D8C5F6DD858}.Debug|Any CPU.Build.0 = Release|Any CPU
		{F887438D-8E37-4E7F-928B-3D8C5F6DD858}.DVD-5|Any CPU.ActiveCfg = Debug|Any CPU
		{F887438D-8E37-4E7F-928B-3D8C5F6DD858}.DVD-5|Any CPU.Build.0 = Debug|Any CPU
		{F887438D-8E37-4E7F-928B-3D8C5F6DD858}.Release|Any CPU.ActiveCfg = Release|Any CPU
		{F887438D-8E37-4E7F-928B-3D8C5F6DD858}.Release|Any CPU.Build.0 = Release|Any CPU
		{F887438D-8E37-4E7F-928B-3D8C5F6DD858}.SingleImage|Any CPU.ActiveCfg = Debug|Any CPU
		{F887438D-8E37-4E7F-928B-3D8C5F6DD858}.SingleImage|Any CPU.Build.0 = Debug|Any CPU
		{F595C9C5-AAD8-47CD-9F3D-2D695899F875}.CD_ROM|Any CPU.ActiveCfg = CD_ROM
		{F595C9C5-AAD8-47CD-9F3D-2D695899F875}.CD_ROM|Any CPU.Build.0 = CD_ROM
		{F595C9C5-AAD8-47CD-9F3D-2D695899F875}.Debug|Any CPU.ActiveCfg = DVD-5
		{F595C9C5-AAD8-47CD-9F3D-2D695899F875}.Debug|Any CPU.Build.0 = DVD-5
		{F595C9C5-AAD8-47CD-9F3D-2D695899F875}.DVD-5|Any CPU.ActiveCfg = DVD-5
		{F595C9C5-AAD8-47CD-9F3D-2D695899F875}.DVD-5|Any CPU.Build.0 = DVD-5
		{F595C9C5-AAD8-47CD-9F3D-2D695899F875}.Release|Any CPU.ActiveCfg = SingleImage
		{F595C9C5-AAD8-47CD-9F3D-2D695899F875}.Release|Any CPU.Build.0 = SingleImage
		{F595C9C5-AAD8-47CD-9F3D-2D695899F875}.SingleImage|Any CPU.ActiveCfg = SingleImage
		{F595C9C5-AAD8-47CD-9F3D-2D695899F875}.SingleImage|Any CPU.Build.0 = SingleImage
	EndGlobalSection
	GlobalSection(SolutionProperties) = preSolution
		HideSolutionNode = FALSE
	EndGlobalSection
EndGlobal
